
Microsoft Visual Studio Solution File, Format Version 12.00
# Visual Studio Version 17
VisualStudioVersion = 17.1.32328.378
MinimumVisualStudioVersion = 10.0.40219.1
Project("{FAE04EC0-301F-11D3-BF4B-00C04F79EFBC}") = "Empl management", "Empl management.csproj", "{EE92EC6E-838B-49AB-9276-EED006877094}"
EndProject
Global
	GlobalSection(SolutionConfigurationPlatforms) = preSolution
		Debug|Any CPU = Debug|Any CPU
		Release|Any CPU = Release|Any CPU
	EndGlobalSection
	GlobalSection(ProjectConfigurationPlatforms) = postSolution
		{EE92EC6E-838B-49AB-9276-EED006877094}.Debug|Any CPU.ActiveCfg = Debug|Any CPU
		{EE92EC6E-838B-49AB-9276-EED006877094}.Debug|Any CPU.Build.0 = Debug|Any CPU
		{EE92EC6E-838B-49AB-9276-EED006877094}.Release|Any CPU.ActiveCfg = Release|Any CPU
		{EE92EC6E-838B-49AB-9276-EED006877094}.Release|Any CPU.Build.0 = Release|Any CPU
	EndGlobalSection
	GlobalSection(SolutionProperties) = preSolution
		HideSolutionNode = FALSE
	EndGlobalSection
	GlobalSection(ExtensibilityGlobals) = postSolution
		SolutionGuid = {95CF3816-F9C9-4494-9B85-8068F0DD37D4}
	EndGlobalSection
EndGlobal
